// !$*UTF8*$!
{
	archiveVersion = 1;
	classes = {
	};
	objectVersion = 46;
	objects = {

/* Begin PBXBuildFile section */
		F113211A158FDFA500313A96 /* UIKit.framework in Frameworks */ = {isa = PBXBuildFile; fileRef = F1132119158FDFA500313A96 /* UIKit.framework */; };
		F113211C158FDFA500313A96 /* Foundation.framework in Frameworks */ = {isa = PBXBuildFile; fileRef = F113211B158FDFA500313A96 /* Foundation.framework */; };
		F113211E158FDFA500313A96 /* CoreGraphics.framework in Frameworks */ = {isa = PBXBuildFile; fileRef = F113211D158FDFA500313A96 /* CoreGraphics.framework */; };
		F1132124158FDFA500313A96 /* InfoPlist.strings in Resources */ = {isa = PBXBuildFile; fileRef = F1132122158FDFA500313A96 /* InfoPlist.strings */; };
		F1132126158FDFA500313A96 /* main.m in Sources */ = {isa = PBXBuildFile; fileRef = F1132125158FDFA500313A96 /* main.m */; };
		F1132132158FDFA500313A96 /* SenTestingKit.framework in Frameworks */ = {isa = PBXBuildFile; fileRef = F1132131158FDFA500313A96 /* SenTestingKit.framework */; };
		F1132133158FDFA500313A96 /* UIKit.framework in Frameworks */ = {isa = PBXBuildFile; fileRef = F1132119158FDFA500313A96 /* UIKit.framework */; };
		F1132134158FDFA500313A96 /* Foundation.framework in Frameworks */ = {isa = PBXBuildFile; fileRef = F113211B158FDFA500313A96 /* Foundation.framework */; };
		F113213C158FDFA500313A96 /* InfoPlist.strings in Resources */ = {isa = PBXBuildFile; fileRef = F113213A158FDFA500313A96 /* InfoPlist.strings */; };
		F113213F158FDFA500313A96 /* Hometown_Bank_MobileTests.m in Sources */ = {isa = PBXBuildFile; fileRef = F113213E158FDFA500313A96 /* Hometown_Bank_MobileTests.m */; };
		F113214F158FFB0B00313A96 /* MapKit.framework in Frameworks */ = {isa = PBXBuildFile; fileRef = F113214E158FFB0B00313A96 /* MapKit.framework */; };
		F11C09BD1699D86A0098140B /* ipadBranchLocationsDown@2x.png in Resources */ = {isa = PBXBuildFile; fileRef = F11C09B81699D86A0098140B /* ipadBranchLocationsDown@2x.png */; };
		F11C09BF1699D86A0098140B /* ipadDepositRatesDown@2x.png in Resources */ = {isa = PBXBuildFile; fileRef = F11C09BA1699D86A0098140B /* ipadDepositRatesDown@2x.png */; };
		F11C09C01699D86A0098140B /* ipadLoanRatesDown@2x.png in Resources */ = {isa = PBXBuildFile; fileRef = F11C09BB1699D86A0098140B /* ipadLoanRatesDown@2x.png */; };
		F11C09C21699D8C30098140B /* ipadAccountSignOnDown@2x.png in Resources */ = {isa = PBXBuildFile; fileRef = F11C09C11699D8C30098140B /* ipadAccountSignOnDown@2x.png */; };
		F11C09CF169B8FA70098140B /* ipadAccountSignOnDown.png in Resources */ = {isa = PBXBuildFile; fileRef = F11C09C6169B8FA60098140B /* ipadAccountSignOnDown.png */; };
		F11C09D0169B8FA70098140B /* ipadAccountSignOnUp.png in Resources */ = {isa = PBXBuildFile; fileRef = F11C09C7169B8FA60098140B /* ipadAccountSignOnUp.png */; };
		F11C09D1169B8FA70098140B /* ipadBranchLocationsDown.png in Resources */ = {isa = PBXBuildFile; fileRef = F11C09C8169B8FA60098140B /* ipadBranchLocationsDown.png */; };
		F11C09D3169B8FA70098140B /* ipadBranchLocationsUp.png in Resources */ = {isa = PBXBuildFile; fileRef = F11C09CA169B8FA60098140B /* ipadBranchLocationsUp.png */; };
		F11C09D4169B8FA70098140B /* ipadContactUsDown.png in Resources */ = {isa = PBXBuildFile; fileRef = F11C09CB169B8FA60098140B /* ipadContactUsDown.png */; };
		F11C09D5169B8FA70098140B /* ipadContactUsDown@2x.png in Resources */ = {isa = PBXBuildFile; fileRef = F11C09CC169B8FA60098140B /* ipadContactUsDown@2x.png */; };
		F11C09D6169B8FA70098140B /* ipadContactUsUp.png in Resources */ = {isa = PBXBuildFile; fileRef = F11C09CD169B8FA70098140B /* ipadContactUsUp.png */; };
		F11C09D7169B8FA70098140B /* ipadContactUsUp@2x.png in Resources */ = {isa = PBXBuildFile; fileRef = F11C09CE169B8FA70098140B /* ipadContactUsUp@2x.png */; };
		F11C09DA169B90DA0098140B /* ipadDepositRatesDown.png in Resources */ = {isa = PBXBuildFile; fileRef = F11C09D8169B90DA0098140B /* ipadDepositRatesDown.png */; };
		F11C09DB169B90DA0098140B /* ipadDepositRatesUp.png in Resources */ = {isa = PBXBuildFile; fileRef = F11C09D9169B90DA0098140B /* ipadDepositRatesUp.png */; };
		F11C09DE169B91340098140B /* ipadLoanRatesDown.png in Resources */ = {isa = PBXBuildFile; fileRef = F11C09DC169B91340098140B /* ipadLoanRatesDown.png */; };
		F11C09DF169B91340098140B /* ipadLoanRatesUp.png in Resources */ = {isa = PBXBuildFile; fileRef = F11C09DD169B91340098140B /* ipadLoanRatesUp.png */; };
		F11C09E1169C48990098140B /* ipadAccountSignOnUp@2x.png in Resources */ = {isa = PBXBuildFile; fileRef = F11C09E0169C48990098140B /* ipadAccountSignOnUp@2x.png */; };
		F11C09E3169C48AA0098140B /* ipadBranchLocationsUp@2x.png in Resources */ = {isa = PBXBuildFile; fileRef = F11C09E2169C48AA0098140B /* ipadBranchLocationsUp@2x.png */; };
		F11C09E5169C48C10098140B /* ipadLoanRatesUp@2x.png in Resources */ = {isa = PBXBuildFile; fileRef = F11C09E4169C48C10098140B /* ipadLoanRatesUp@2x.png */; };
		F11C09E7169C49330098140B /* ipadDepositRatesUp@2x.png in Resources */ = {isa = PBXBuildFile; fileRef = F11C09E6169C49330098140B /* ipadDepositRatesUp@2x.png */; };
		F11C09E9169C4D780098140B /* FDIC.png in Resources */ = {isa = PBXBuildFile; fileRef = F11C09E8169C4D770098140B /* FDIC.png */; };
		F11C09ED169C513C0098140B /* ipadSendEmailDown.png in Resources */ = {isa = PBXBuildFile; fileRef = F11C09EA169C513A0098140B /* ipadSendEmailDown.png */; };
		F11C09EE169C513C0098140B /* ipadSendEmailDown@2x.png in Resources */ = {isa = PBXBuildFile; fileRef = F11C09EB169C513A0098140B /* ipadSendEmailDown@2x.png */; };
		F11C09EF169C513C0098140B /* ipadSendEmailUp.png in Resources */ = {isa = PBXBuildFile; fileRef = F11C09EC169C513B0098140B /* ipadSendEmailUp.png */; };
		F11C09F1169C51BD0098140B /* ipadSendEmailUp@2x.png in Resources */ = {isa = PBXBuildFile; fileRef = F11C09F0169C51BD0098140B /* ipadSendEmailUp@2x.png */; };
		F11C0A04169C782E0098140B /* iphoneAccountSignOnDown.png in Resources */ = {isa = PBXBuildFile; fileRef = F11C09F9169C782E0098140B /* iphoneAccountSignOnDown.png */; };
		F11C0A05169C782E0098140B /* iphoneAccountSignOnUp.png in Resources */ = {isa = PBXBuildFile; fileRef = F11C09FA169C782E0098140B /* iphoneAccountSignOnUp.png */; };
		F11C0A06169C782E0098140B /* iphoneBranchLocationsDown.png in Resources */ = {isa = PBXBuildFile; fileRef = F11C09FB169C782E0098140B /* iphoneBranchLocationsDown.png */; };
		F11C0A07169C782E0098140B /* iphoneBranchLocationsUp.png in Resources */ = {isa = PBXBuildFile; fileRef = F11C09FC169C782E0098140B /* iphoneBranchLocationsUp.png */; };
		F11C0A08169C782E0098140B /* iphoneContactUsUp.png in Resources */ = {isa = PBXBuildFile; fileRef = F11C09FD169C782E0098140B /* iphoneContactUsUp.png */; };
		F11C0A09169C782E0098140B /* iphoneDepositRatesDown.png in Resources */ = {isa = PBXBuildFile; fileRef = F11C09FE169C782E0098140B /* iphoneDepositRatesDown.png */; };
		F11C0A0A169C782E0098140B /* iphoneDepositRatesUp.png in Resources */ = {isa = PBXBuildFile; fileRef = F11C09FF169C782E0098140B /* iphoneDepositRatesUp.png */; };
		F11C0A0B169C782E0098140B /* iphoneMortgageRatesDown.png in Resources */ = {isa = PBXBuildFile; fileRef = F11C0A00169C782E0098140B /* iphoneMortgageRatesDown.png */; };
		F11C0A0C169C782E0098140B /* iphoneMortgageRatesUp.png in Resources */ = {isa = PBXBuildFile; fileRef = F11C0A01169C782E0098140B /* iphoneMortgageRatesUp.png */; };
		F11C0A0D169C782E0098140B /* iphoneSendEmailDown.png in Resources */ = {isa = PBXBuildFile; fileRef = F11C0A02169C782E0098140B /* iphoneSendEmailDown.png */; };
		F11C0A0E169C782E0098140B /* iphoneSendEmailUp.png in Resources */ = {isa = PBXBuildFile; fileRef = F11C0A03169C782E0098140B /* iphoneSendEmailUp.png */; };
		F11C0A10169C78FE0098140B /* iphoneContactUsDown.png in Resources */ = {isa = PBXBuildFile; fileRef = F11C0A0F169C78FE0098140B /* iphoneContactUsDown.png */; };
		F11C0A15169C835F0098140B /* ipadMortgageRatesDown.png in Resources */ = {isa = PBXBuildFile; fileRef = F11C0A11169C835A0098140B /* ipadMortgageRatesDown.png */; };
		F11C0A16169C835F0098140B /* ipadMortgageRatesDown@2x.png in Resources */ = {isa = PBXBuildFile; fileRef = F11C0A12169C835B0098140B /* ipadMortgageRatesDown@2x.png */; };
		F11C0A17169C835F0098140B /* ipadMortgageRatesUp.png in Resources */ = {isa = PBXBuildFile; fileRef = F11C0A13169C835C0098140B /* ipadMortgageRatesUp.png */; };
		F11C0A18169C835F0098140B /* ipadMortgageRatesUp@2x.png in Resources */ = {isa = PBXBuildFile; fileRef = F11C0A14169C835E0098140B /* ipadMortgageRatesUp@2x.png */; };
		F11C0A1E169CABCB0098140B /* Default-iphone5.png in Resources */ = {isa = PBXBuildFile; fileRef = F11C0A1D169CABCA0098140B /* Default-iphone5.png */; };
		F11C0A20169CABE00098140B /* Default-568h@2x.png in Resources */ = {isa = PBXBuildFile; fileRef = F11C0A1F169CABE00098140B /* Default-568h@2x.png */; };
		F11C0A22169CAC160098140B /* Default-Portrait~ipad.png in Resources */ = {isa = PBXBuildFile; fileRef = F11C0A21169CAC160098140B /* Default-Portrait~ipad.png */; };
		F11C0A24169CACC60098140B /* Default-Portrait@2x~ipad.png in Resources */ = {isa = PBXBuildFile; fileRef = F11C0A23169CACC60098140B /* Default-Portrait@2x~ipad.png */; };
		F11C0A27169CAD970098140B /* Default.png in Resources */ = {isa = PBXBuildFile; fileRef = F11C0A19169CAB360098140B /* Default.png */; };
		F11C0A28169CAD9F0098140B /* Default@2x.png in Resources */ = {isa = PBXBuildFile; fileRef = F11C0A1B169CAB620098140B /* Default@2x.png */; };
		F11C0A2C169CB1C80098140B /* iphoneMortgageRatesDown@2x.png in Resources */ = {isa = PBXBuildFile; fileRef = F11C0A29169CB1C70098140B /* iphoneMortgageRatesDown@2x.png */; };
		F11C0A2E169CB1C80098140B /* iphoneMortgageRatesUp@2x.png in Resources */ = {isa = PBXBuildFile; fileRef = F11C0A2B169CB1C70098140B /* iphoneMortgageRatesUp@2x.png */; };
		F11C0A3A169DA3D70098140B /* iphoneAccountSignOnDown@2x.png in Resources */ = {isa = PBXBuildFile; fileRef = F11C0A2F169DA3D40098140B /* iphoneAccountSignOnDown@2x.png */; };
		F11C0A3B169DA3D70098140B /* iphoneAccountSignOnUp@2x.png in Resources */ = {isa = PBXBuildFile; fileRef = F11C0A30169DA3D40098140B /* iphoneAccountSignOnUp@2x.png */; };
		F11C0A3D169DA3D70098140B /* iphoneContactUsDown@2x.png in Resources */ = {isa = PBXBuildFile; fileRef = F11C0A32169DA3D40098140B /* iphoneContactUsDown@2x.png */; };
		F11C0A3E169DA3D70098140B /* iphoneContactUsUp@2x.png in Resources */ = {isa = PBXBuildFile; fileRef = F11C0A33169DA3D50098140B /* iphoneContactUsUp@2x.png */; };
		F11C0A3F169DA3D70098140B /* iphoneDepositRatesDown@2x.png in Resources */ = {isa = PBXBuildFile; fileRef = F11C0A34169DA3D50098140B /* iphoneDepositRatesDown@2x.png */; };
		F11C0A40169DA3D70098140B /* iphoneDepositRatesUp@2x.png in Resources */ = {isa = PBXBuildFile; fileRef = F11C0A35169DA3D50098140B /* iphoneDepositRatesUp@2x.png */; };
		F11C0A43169DA3D70098140B /* iphoneSendEmailDown@2x.png in Resources */ = {isa = PBXBuildFile; fileRef = F11C0A38169DA3D70098140B /* iphoneSendEmailDown@2x.png */; };
		F11C0A44169DA3D70098140B /* iphoneSendEmailUp@2x.png in Resources */ = {isa = PBXBuildFile; fileRef = F11C0A39169DA3D70098140B /* iphoneSendEmailUp@2x.png */; };
		F11C0A46169DA5EA0098140B /* Logo_Clear.png in Resources */ = {isa = PBXBuildFile; fileRef = F11C0A45169DA5E80098140B /* Logo_Clear.png */; };
		F11C0A49169DA6DB0098140B /* iphoneBranchLocationsDown@2x.png in Resources */ = {isa = PBXBuildFile; fileRef = F11C0A47169DA6DA0098140B /* iphoneBranchLocationsDown@2x.png */; };
		F11C0A4A169DA6DB0098140B /* iphoneBranchLocationsUp@2x.png in Resources */ = {isa = PBXBuildFile; fileRef = F11C0A48169DA6DA0098140B /* iphoneBranchLocationsUp@2x.png */; };
		F11C0A4C169DA8520098140B /* arrow@2x.png in Resources */ = {isa = PBXBuildFile; fileRef = F11C0A4B169DA8510098140B /* arrow@2x.png */; };
		F11C0A4F169DAAEF0098140B /* back_icon@2x.png in Resources */ = {isa = PBXBuildFile; fileRef = F11C0A4D169DAAEA0098140B /* back_icon@2x.png */; };
		F11C0A50169DAAEF0098140B /* forward_icon@2x.png in Resources */ = {isa = PBXBuildFile; fileRef = F11C0A4E169DAAEC0098140B /* forward_icon@2x.png */; };
		F13A702B1699C2D00081DF1D /* Storyboard_iPad.storyboard in Resources */ = {isa = PBXBuildFile; fileRef = F13A702A1699C2D00081DF1D /* Storyboard_iPad.storyboard */; };
		F14ED13217A5471700341023 /* ios_development.cer in Resources */ = {isa = PBXBuildFile; fileRef = F14ED13117A5471700341023 /* ios_development.cer */; };
		F14ED13317A5471700341023 /* ios_development.cer in Resources */ = {isa = PBXBuildFile; fileRef = F14ED13117A5471700341023 /* ios_development.cer */; };
		F15D1BA61591EF5900094589 /* SignInViewController.m in Sources */ = {isa = PBXBuildFile; fileRef = F15D1BA51591EF5900094589 /* SignInViewController.m */; };
		F15D1BA91591FFAF00094589 /* MortgageViewController.m in Sources */ = {isa = PBXBuildFile; fileRef = F15D1BA81591FFAF00094589 /* MortgageViewController.m */; };
		F15D1BAC1592026500094589 /* LoanRatesViewController.m in Sources */ = {isa = PBXBuildFile; fileRef = F15D1BAB1592026500094589 /* LoanRatesViewController.m */; };
		F161AF351592640000312C05 /* ContactUsViewController.m in Sources */ = {isa = PBXBuildFile; fileRef = F161AF341592640000312C05 /* ContactUsViewController.m */; };
		F161AF40159295BB00312C05 /* back_icon.png in Resources */ = {isa = PBXBuildFile; fileRef = F161AF3E159295BB00312C05 /* back_icon.png */; };
		F161AF41159295BB00312C05 /* forward_icon.png in Resources */ = {isa = PBXBuildFile; fileRef = F161AF3F159295BB00312C05 /* forward_icon.png */; };
		F161AF4615976DC100312C05 /* arrow.png in Resources */ = {isa = PBXBuildFile; fileRef = F161AF4515976DC100312C05 /* arrow.png */; };
		F1843D8917735099005BD9B6 /* MyLocation.m in Sources */ = {isa = PBXBuildFile; fileRef = F1843D8817735099005BD9B6 /* MyLocation.m */; };
		F1843D8C17735206005BD9B6 /* AddressBook.framework in Frameworks */ = {isa = PBXBuildFile; fileRef = F1843D8B17735206005BD9B6 /* AddressBook.framework */; };
		F18CC84B163615DF00838B18 /* Storyboard.storyboard in Resources */ = {isa = PBXBuildFile; fileRef = F18CC84A163615DF00838B18 /* Storyboard.storyboard */; };
		F1CD6366169F52B4006A35A4 /* Storyboard5.storyboard in Resources */ = {isa = PBXBuildFile; fileRef = F1CD6365169F52B4006A35A4 /* Storyboard5.storyboard */; };
		F1D4371A15B31507000AF773 /* HometownAppDelegate.m in Sources */ = {isa = PBXBuildFile; fileRef = F13E0D1D15B30FDB00CCEA9C /* HometownAppDelegate.m */; };
		F1F20F9C159B45A9005B1AFB /* iTunesArtwork.png in Resources */ = {isa = PBXBuildFile; fileRef = F1F20F92159B45A9005B1AFB /* iTunesArtwork.png */; };
		F1F20F9D159B45A9005B1AFB /* iTunesArtwork@2x.png in Resources */ = {isa = PBXBuildFile; fileRef = F1F20F93159B45A9005B1AFB /* iTunesArtwork@2x.png */; };
		F1F20F9F159B461F005B1AFB /* Icon@2x.png in Resources */ = {isa = PBXBuildFile; fileRef = F1F20F9E159B461F005B1AFB /* Icon@2x.png */; };
		F1F20FA1159B4629005B1AFB /* Icon.png in Resources */ = {isa = PBXBuildFile; fileRef = F1F20FA0159B4629005B1AFB /* Icon.png */; };
		F1F20FA7159B46D7005B1AFB /* Icon-72@2x.png in Resources */ = {isa = PBXBuildFile; fileRef = F1F20FA6159B46D7005B1AFB /* Icon-72@2x.png */; };
		F1F20FA9159B46E4005B1AFB /* Icon-72.png in Resources */ = {isa = PBXBuildFile; fileRef = F1F20FA8159B46E4005B1AFB /* Icon-72.png */; };
		F1F20FAB159B497C005B1AFB /* MessageUI.framework in Frameworks */ = {isa = PBXBuildFile; fileRef = F1F20FAA159B497C005B1AFB /* MessageUI.framework */; };
		F1F20FAE159BD97F005B1AFB /* HometownViewController.m in Sources */ = {isa = PBXBuildFile; fileRef = F1F20FAD159BD97F005B1AFB /* HometownViewController.m */; };
		F1FB7E7715920FEB00888E8B /* BranchesViewController.m in Sources */ = {isa = PBXBuildFile; fileRef = F1FB7E7615920FEB00888E8B /* BranchesViewController.m */; };
/* End PBXBuildFile section */

/* Begin PBXContainerItemProxy section */
		F1132135158FDFA500313A96 /* PBXContainerItemProxy */ = {
			isa = PBXContainerItemProxy;
			containerPortal = F113210C158FDFA500313A96 /* Project object */;
			proxyType = 1;
			remoteGlobalIDString = F1132114158FDFA500313A96;
			remoteInfo = "Hometown Bank Mobile";
		};
/* End PBXContainerItemProxy section */

/* Begin PBXFileReference section */
		F1132115158FDFA500313A96 /* Hometown Bank Mobile.app */ = {isa = PBXFileReference; explicitFileType = wrapper.application; includeInIndex = 0; path = "Hometown Bank Mobile.app"; sourceTree = BUILT_PRODUCTS_DIR; };
		F1132119158FDFA500313A96 /* UIKit.framework */ = {isa = PBXFileReference; lastKnownFileType = wrapper.framework; name = UIKit.framework; path = System/Library/Frameworks/UIKit.framework; sourceTree = SDKROOT; };
		F113211B158FDFA500313A96 /* Foundation.framework */ = {isa = PBXFileReference; lastKnownFileType = wrapper.framework; name = Foundation.framework; path = System/Library/Frameworks/Foundation.framework; sourceTree = SDKROOT; };
		F113211D158FDFA500313A96 /* CoreGraphics.framework */ = {isa = PBXFileReference; lastKnownFileType = wrapper.framework; name = CoreGraphics.framework; path = System/Library/Frameworks/CoreGraphics.framework; sourceTree = SDKROOT; };
		F1132121158FDFA500313A96 /* Hometown Bank Mobile-Info.plist */ = {isa = PBXFileReference; lastKnownFileType = text.plist.xml; path = "Hometown Bank Mobile-Info.plist"; sourceTree = "<group>"; };
		F1132123158FDFA500313A96 /* en */ = {isa = PBXFileReference; lastKnownFileType = text.plist.strings; name = en; path = en.lproj/InfoPlist.strings; sourceTree = "<group>"; };
		F1132125158FDFA500313A96 /* main.m */ = {isa = PBXFileReference; lastKnownFileType = sourcecode.c.objc; path = main.m; sourceTree = "<group>"; };
		F1132127158FDFA500313A96 /* Hometown Bank Mobile-Prefix.pch */ = {isa = PBXFileReference; lastKnownFileType = sourcecode.c.h; path = "Hometown Bank Mobile-Prefix.pch"; sourceTree = "<group>"; };
		F1132128158FDFA500313A96 /* HometownAppDelegate.h */ = {isa = PBXFileReference; lastKnownFileType = sourcecode.c.h; path = HometownAppDelegate.h; sourceTree = "<group>"; };
		F1132130158FDFA500313A96 /* Hometown Bank MobileTests.octest */ = {isa = PBXFileReference; explicitFileType = wrapper.cfbundle; includeInIndex = 0; path = "Hometown Bank MobileTests.octest"; sourceTree = BUILT_PRODUCTS_DIR; };
		F1132131158FDFA500313A96 /* SenTestingKit.framework */ = {isa = PBXFileReference; lastKnownFileType = wrapper.framework; name = SenTestingKit.framework; path = Library/Frameworks/SenTestingKit.framework; sourceTree = DEVELOPER_DIR; };
		F1132139158FDFA500313A96 /* Hometown Bank MobileTests-Info.plist */ = {isa = PBXFileReference; lastKnownFileType = text.plist.xml; path = "Hometown Bank MobileTests-Info.plist"; sourceTree = "<group>"; };
		F113213B158FDFA500313A96 /* en */ = {isa = PBXFileReference; lastKnownFileType = text.plist.strings; name = en; path = en.lproj/InfoPlist.strings; sourceTree = "<group>"; };
		F113213D158FDFA500313A96 /* Hometown_Bank_MobileTests.h */ = {isa = PBXFileReference; lastKnownFileType = sourcecode.c.h; path = Hometown_Bank_MobileTests.h; sourceTree = "<group>"; };
		F113213E158FDFA500313A96 /* Hometown_Bank_MobileTests.m */ = {isa = PBXFileReference; lastKnownFileType = sourcecode.c.objc; path = Hometown_Bank_MobileTests.m; sourceTree = "<group>"; };
		F113214E158FFB0B00313A96 /* MapKit.framework */ = {isa = PBXFileReference; lastKnownFileType = wrapper.framework; name = MapKit.framework; path = System/Library/Frameworks/MapKit.framework; sourceTree = SDKROOT; };
		F11C09B81699D86A0098140B /* ipadBranchLocationsDown@2x.png */ = {isa = PBXFileReference; lastKnownFileType = image.png; path = "ipadBranchLocationsDown@2x.png"; sourceTree = "<group>"; };
		F11C09BA1699D86A0098140B /* ipadDepositRatesDown@2x.png */ = {isa = PBXFileReference; lastKnownFileType = image.png; path = "ipadDepositRatesDown@2x.png"; sourceTree = "<group>"; };
		F11C09BB1699D86A0098140B /* ipadLoanRatesDown@2x.png */ = {isa = PBXFileReference; lastKnownFileType = image.png; path = "ipadLoanRatesDown@2x.png"; sourceTree = "<group>"; };
		F11C09C11699D8C30098140B /* ipadAccountSignOnDown@2x.png */ = {isa = PBXFileReference; lastKnownFileType = image.png; path = "ipadAccountSignOnDown@2x.png"; sourceTree = "<group>"; };
		F11C09C6169B8FA60098140B /* ipadAccountSignOnDown.png */ = {isa = PBXFileReference; lastKnownFileType = image.png; path = ipadAccountSignOnDown.png; sourceTree = "<group>"; };
		F11C09C7169B8FA60098140B /* ipadAccountSignOnUp.png */ = {isa = PBXFileReference; lastKnownFileType = image.png; path = ipadAccountSignOnUp.png; sourceTree = "<group>"; };
		F11C09C8169B8FA60098140B /* ipadBranchLocationsDown.png */ = {isa = PBXFileReference; lastKnownFileType = image.png; path = ipadBranchLocationsDown.png; sourceTree = "<group>"; };
		F11C09CA169B8FA60098140B /* ipadBranchLocationsUp.png */ = {isa = PBXFileReference; lastKnownFileType = image.png; path = ipadBranchLocationsUp.png; sourceTree = "<group>"; };
		F11C09CB169B8FA60098140B /* ipadContactUsDown.png */ = {isa = PBXFileReference; lastKnownFileType = image.png; path = ipadContactUsDown.png; sourceTree = "<group>"; };
		F11C09CC169B8FA60098140B /* ipadContactUsDown@2x.png */ = {isa = PBXFileReference; lastKnownFileType = image.png; path = "ipadContactUsDown@2x.png"; sourceTree = "<group>"; };
		F11C09CD169B8FA70098140B /* ipadContactUsUp.png */ = {isa = PBXFileReference; lastKnownFileType = image.png; path = ipadContactUsUp.png; sourceTree = "<group>"; };
		F11C09CE169B8FA70098140B /* ipadContactUsUp@2x.png */ = {isa = PBXFileReference; lastKnownFileType = image.png; path = "ipadContactUsUp@2x.png"; sourceTree = "<group>"; };
		F11C09D8169B90DA0098140B /* ipadDepositRatesDown.png */ = {isa = PBXFileReference; lastKnownFileType = image.png; path = ipadDepositRatesDown.png; sourceTree = "<group>"; };
		F11C09D9169B90DA0098140B /* ipadDepositRatesUp.png */ = {isa = PBXFileReference; lastKnownFileType = image.png; path = ipadDepositRatesUp.png; sourceTree = "<group>"; };
		F11C09DC169B91340098140B /* ipadLoanRatesDown.png */ = {isa = PBXFileReference; lastKnownFileType = image.png; path = ipadLoanRatesDown.png; sourceTree = "<group>"; };
		F11C09DD169B91340098140B /* ipadLoanRatesUp.png */ = {isa = PBXFileReference; lastKnownFileType = image.png; path = ipadLoanRatesUp.png; sourceTree = "<group>"; };
		F11C09E0169C48990098140B /* ipadAccountSignOnUp@2x.png */ = {isa = PBXFileReference; lastKnownFileType = image.png; path = "ipadAccountSignOnUp@2x.png"; sourceTree = "<group>"; };
		F11C09E2169C48AA0098140B /* ipadBranchLocationsUp@2x.png */ = {isa = PBXFileReference; lastKnownFileType = image.png; path = "ipadBranchLocationsUp@2x.png"; sourceTree = "<group>"; };
		F11C09E4169C48C10098140B /* ipadLoanRatesUp@2x.png */ = {isa = PBXFileReference; lastKnownFileType = image.png; path = "ipadLoanRatesUp@2x.png"; sourceTree = "<group>"; };
		F11C09E6169C49330098140B /* ipadDepositRatesUp@2x.png */ = {isa = PBXFileReference; lastKnownFileType = image.png; path = "ipadDepositRatesUp@2x.png"; sourceTree = "<group>"; };
		F11C09E8169C4D770098140B /* FDIC.png */ = {isa = PBXFileReference; lastKnownFileType = image.png; path = FDIC.png; sourceTree = "<group>"; };
		F11C09EA169C513A0098140B /* ipadSendEmailDown.png */ = {isa = PBXFileReference; lastKnownFileType = image.png; path = ipadSendEmailDown.png; sourceTree = "<group>"; };
		F11C09EB169C513A0098140B /* ipadSendEmailDown@2x.png */ = {isa = PBXFileReference; lastKnownFileType = image.png; path = "ipadSendEmailDown@2x.png"; sourceTree = "<group>"; };
		F11C09EC169C513B0098140B /* ipadSendEmailUp.png */ = {isa = PBXFileReference; lastKnownFileType = image.png; path = ipadSendEmailUp.png; sourceTree = "<group>"; };
		F11C09F0169C51BD0098140B /* ipadSendEmailUp@2x.png */ = {isa = PBXFileReference; lastKnownFileType = image.png; path = "ipadSendEmailUp@2x.png"; sourceTree = "<group>"; };
		F11C09F9169C782E0098140B /* iphoneAccountSignOnDown.png */ = {isa = PBXFileReference; lastKnownFileType = image.png; path = iphoneAccountSignOnDown.png; sourceTree = "<group>"; };
		F11C09FA169C782E0098140B /* iphoneAccountSignOnUp.png */ = {isa = PBXFileReference; lastKnownFileType = image.png; path = iphoneAccountSignOnUp.png; sourceTree = "<group>"; };
		F11C09FB169C782E0098140B /* iphoneBranchLocationsDown.png */ = {isa = PBXFileReference; lastKnownFileType = image.png; path = iphoneBranchLocationsDown.png; sourceTree = "<group>"; };
		F11C09FC169C782E0098140B /* iphoneBranchLocationsUp.png */ = {isa = PBXFileReference; lastKnownFileType = image.png; path = iphoneBranchLocationsUp.png; sourceTree = "<group>"; };
		F11C09FD169C782E0098140B /* iphoneContactUsUp.png */ = {isa = PBXFileReference; lastKnownFileType = image.png; path = iphoneContactUsUp.png; sourceTree = "<group>"; };
		F11C09FE169C782E0098140B /* iphoneDepositRatesDown.png */ = {isa = PBXFileReference; lastKnownFileType = image.png; path = iphoneDepositRatesDown.png; sourceTree = "<group>"; };
		F11C09FF169C782E0098140B /* iphoneDepositRatesUp.png */ = {isa = PBXFileReference; lastKnownFileType = image.png; path = iphoneDepositRatesUp.png; sourceTree = "<group>"; };
		F11C0A00169C782E0098140B /* iphoneMortgageRatesDown.png */ = {isa = PBXFileReference; lastKnownFileType = image.png; path = iphoneMortgageRatesDown.png; sourceTree = "<group>"; };
		F11C0A01169C782E0098140B /* iphoneMortgageRatesUp.png */ = {isa = PBXFileReference; lastKnownFileType = image.png; path = iphoneMortgageRatesUp.png; sourceTree = "<group>"; };
		F11C0A02169C782E0098140B /* iphoneSendEmailDown.png */ = {isa = PBXFileReference; lastKnownFileType = image.png; path = iphoneSendEmailDown.png; sourceTree = "<group>"; };
		F11C0A03169C782E0098140B /* iphoneSendEmailUp.png */ = {isa = PBXFileReference; lastKnownFileType = image.png; path = iphoneSendEmailUp.png; sourceTree = "<group>"; };
		F11C0A0F169C78FE0098140B /* iphoneContactUsDown.png */ = {isa = PBXFileReference; lastKnownFileType = image.png; path = iphoneContactUsDown.png; sourceTree = "<group>"; };
		F11C0A11169C835A0098140B /* ipadMortgageRatesDown.png */ = {isa = PBXFileReference; lastKnownFileType = image.png; path = ipadMortgageRatesDown.png; sourceTree = "<group>"; };
		F11C0A12169C835B0098140B /* ipadMortgageRatesDown@2x.png */ = {isa = PBXFileReference; lastKnownFileType = image.png; path = "ipadMortgageRatesDown@2x.png"; sourceTree = "<group>"; };
		F11C0A13169C835C0098140B /* ipadMortgageRatesUp.png */ = {isa = PBXFileReference; lastKnownFileType = image.png; path = ipadMortgageRatesUp.png; sourceTree = "<group>"; };
		F11C0A14169C835E0098140B /* ipadMortgageRatesUp@2x.png */ = {isa = PBXFileReference; lastKnownFileType = image.png; path = "ipadMortgageRatesUp@2x.png"; sourceTree = "<group>"; };
		F11C0A19169CAB360098140B /* Default.png */ = {isa = PBXFileReference; lastKnownFileType = image.png; name = Default.png; path = "Hometown Bank Mobile/Default.png"; sourceTree = "<group>"; };
		F11C0A1B169CAB620098140B /* Default@2x.png */ = {isa = PBXFileReference; lastKnownFileType = image.png; path = "Default@2x.png"; sourceTree = "<group>"; };
		F11C0A1D169CABCA0098140B /* Default-iphone5.png */ = {isa = PBXFileReference; lastKnownFileType = image.png; name = "Default-iphone5.png"; path = "Hometown Bank Mobile/Default-iphone5.png"; sourceTree = "<group>"; };
		F11C0A1F169CABE00098140B /* Default-568h@2x.png */ = {isa = PBXFileReference; lastKnownFileType = image.png; path = "Default-568h@2x.png"; sourceTree = "<group>"; };
		F11C0A21169CAC160098140B /* Default-Portrait~ipad.png */ = {isa = PBXFileReference; lastKnownFileType = image.png; path = "Default-Portrait~ipad.png"; sourceTree = "<group>"; };
		F11C0A23169CACC60098140B /* Default-Portrait@2x~ipad.png */ = {isa = PBXFileReference; lastKnownFileType = image.png; path = "Default-Portrait@2x~ipad.png"; sourceTree = "<group>"; };
		F11C0A29169CB1C70098140B /* iphoneMortgageRatesDown@2x.png */ = {isa = PBXFileReference; lastKnownFileType = image.png; path = "iphoneMortgageRatesDown@2x.png"; sourceTree = "<group>"; };
		F11C0A2B169CB1C70098140B /* iphoneMortgageRatesUp@2x.png */ = {isa = PBXFileReference; lastKnownFileType = image.png; path = "iphoneMortgageRatesUp@2x.png"; sourceTree = "<group>"; };
		F11C0A2F169DA3D40098140B /* iphoneAccountSignOnDown@2x.png */ = {isa = PBXFileReference; lastKnownFileType = image.png; path = "iphoneAccountSignOnDown@2x.png"; sourceTree = "<group>"; };
		F11C0A30169DA3D40098140B /* iphoneAccountSignOnUp@2x.png */ = {isa = PBXFileReference; lastKnownFileType = image.png; path = "iphoneAccountSignOnUp@2x.png"; sourceTree = "<group>"; };
		F11C0A32169DA3D40098140B /* iphoneContactUsDown@2x.png */ = {isa = PBXFileReference; lastKnownFileType = image.png; path = "iphoneContactUsDown@2x.png"; sourceTree = "<group>"; };
		F11C0A33169DA3D50098140B /* iphoneContactUsUp@2x.png */ = {isa = PBXFileReference; lastKnownFileType = image.png; path = "iphoneContactUsUp@2x.png"; sourceTree = "<group>"; };
		F11C0A34169DA3D50098140B /* iphoneDepositRatesDown@2x.png */ = {isa = PBXFileReference; lastKnownFileType = image.png; path = "iphoneDepositRatesDown@2x.png"; sourceTree = "<group>"; };
		F11C0A35169DA3D50098140B /* iphoneDepositRatesUp@2x.png */ = {isa = PBXFileReference; lastKnownFileType = image.png; path = "iphoneDepositRatesUp@2x.png"; sourceTree = "<group>"; };
		F11C0A36169DA3D70098140B /* iphoneMortgageRatesDown@2x.png */ = {isa = PBXFileReference; lastKnownFileType = image.png; path = "iphoneMortgageRatesDown@2x.png"; sourceTree = "<group>"; };
		F11C0A37169DA3D70098140B /* iphoneMortgageRatesUp@2x.png */ = {isa = PBXFileReference; lastKnownFileType = image.png; path = "iphoneMortgageRatesUp@2x.png"; sourceTree = "<group>"; };
		F11C0A38169DA3D70098140B /* iphoneSendEmailDown@2x.png */ = {isa = PBXFileReference; lastKnownFileType = image.png; path = "iphoneSendEmailDown@2x.png"; sourceTree = "<group>"; };
		F11C0A39169DA3D70098140B /* iphoneSendEmailUp@2x.png */ = {isa = PBXFileReference; lastKnownFileType = image.png; path = "iphoneSendEmailUp@2x.png"; sourceTree = "<group>"; };
		F11C0A45169DA5E80098140B /* Logo_Clear.png */ = {isa = PBXFileReference; lastKnownFileType = image.png; path = Logo_Clear.png; sourceTree = "<group>"; };
		F11C0A47169DA6DA0098140B /* iphoneBranchLocationsDown@2x.png */ = {isa = PBXFileReference; lastKnownFileType = image.png; path = "iphoneBranchLocationsDown@2x.png"; sourceTree = "<group>"; };
		F11C0A48169DA6DA0098140B /* iphoneBranchLocationsUp@2x.png */ = {isa = PBXFileReference; lastKnownFileType = image.png; path = "iphoneBranchLocationsUp@2x.png"; sourceTree = "<group>"; };
		F11C0A4B169DA8510098140B /* arrow@2x.png */ = {isa = PBXFileReference; lastKnownFileType = image.png; path = "arrow@2x.png"; sourceTree = "<group>"; };
		F11C0A4D169DAAEA0098140B /* back_icon@2x.png */ = {isa = PBXFileReference; lastKnownFileType = image.png; path = "back_icon@2x.png"; sourceTree = "<group>"; };
		F11C0A4E169DAAEC0098140B /* forward_icon@2x.png */ = {isa = PBXFileReference; lastKnownFileType = image.png; path = "forward_icon@2x.png"; sourceTree = "<group>"; };
		F13A702A1699C2D00081DF1D /* Storyboard_iPad.storyboard */ = {isa = PBXFileReference; fileEncoding = 4; lastKnownFileType = file.storyboard; name = Storyboard_iPad.storyboard; path = "Hometown Bank Mobile/Storyboard_iPad.storyboard"; sourceTree = "<group>"; };
		F13E0D1D15B30FDB00CCEA9C /* HometownAppDelegate.m */ = {isa = PBXFileReference; lastKnownFileType = sourcecode.c.objc; path = HometownAppDelegate.m; sourceTree = "<group>"; };
		F14ED13117A5471700341023 /* ios_development.cer */ = {isa = PBXFileReference; lastKnownFileType = file; path = ios_development.cer; sourceTree = "<group>"; };
		F15D1BA41591EF5900094589 /* SignInViewController.h */ = {isa = PBXFileReference; fileEncoding = 4; lastKnownFileType = sourcecode.c.h; path = SignInViewController.h; sourceTree = "<group>"; };
		F15D1BA51591EF5900094589 /* SignInViewController.m */ = {isa = PBXFileReference; fileEncoding = 4; lastKnownFileType = sourcecode.c.objc; path = SignInViewController.m; sourceTree = "<group>"; };
		F15D1BA71591FFAF00094589 /* MortgageViewController.h */ = {isa = PBXFileReference; fileEncoding = 4; lastKnownFileType = sourcecode.c.h; path = MortgageViewController.h; sourceTree = "<group>"; };
		F15D1BA81591FFAF00094589 /* MortgageViewController.m */ = {isa = PBXFileReference; fileEncoding = 4; lastKnownFileType = sourcecode.c.objc; path = MortgageViewController.m; sourceTree = "<group>"; };
		F15D1BAA1592026500094589 /* LoanRatesViewController.h */ = {isa = PBXFileReference; fileEncoding = 4; lastKnownFileType = sourcecode.c.h; path = LoanRatesViewController.h; sourceTree = "<group>"; };
		F15D1BAB1592026500094589 /* LoanRatesViewController.m */ = {isa = PBXFileReference; fileEncoding = 4; lastKnownFileType = sourcecode.c.objc; path = LoanRatesViewController.m; sourceTree = "<group>"; };
		F161AF331592640000312C05 /* ContactUsViewController.h */ = {isa = PBXFileReference; fileEncoding = 4; lastKnownFileType = sourcecode.c.h; path = ContactUsViewController.h; sourceTree = "<group>"; };
		F161AF341592640000312C05 /* ContactUsViewController.m */ = {isa = PBXFileReference; fileEncoding = 4; lastKnownFileType = sourcecode.c.objc; path = ContactUsViewController.m; sourceTree = "<group>"; };
		F161AF3E159295BB00312C05 /* back_icon.png */ = {isa = PBXFileReference; lastKnownFileType = image.png; path = back_icon.png; sourceTree = "<group>"; };
		F161AF3F159295BB00312C05 /* forward_icon.png */ = {isa = PBXFileReference; lastKnownFileType = image.png; path = forward_icon.png; sourceTree = "<group>"; };
		F161AF4515976DC100312C05 /* arrow.png */ = {isa = PBXFileReference; lastKnownFileType = image.png; path = arrow.png; sourceTree = "<group>"; };
		F1843D8717735099005BD9B6 /* MyLocation.h */ = {isa = PBXFileReference; fileEncoding = 4; lastKnownFileType = sourcecode.c.h; path = MyLocation.h; sourceTree = "<group>"; };
		F1843D8817735099005BD9B6 /* MyLocation.m */ = {isa = PBXFileReference; fileEncoding = 4; lastKnownFileType = sourcecode.c.objc; path = MyLocation.m; sourceTree = "<group>"; };
		F1843D8B17735206005BD9B6 /* AddressBook.framework */ = {isa = PBXFileReference; lastKnownFileType = wrapper.framework; name = AddressBook.framework; path = System/Library/Frameworks/AddressBook.framework; sourceTree = SDKROOT; };
		F18CC84A163615DF00838B18 /* Storyboard.storyboard */ = {isa = PBXFileReference; fileEncoding = 4; lastKnownFileType = file.storyboard; name = Storyboard.storyboard; path = "Hometown Bank Mobile/Storyboard.storyboard"; sourceTree = "<group>"; };
		F1CD6365169F52B4006A35A4 /* Storyboard5.storyboard */ = {isa = PBXFileReference; fileEncoding = 4; lastKnownFileType = file.storyboard; name = Storyboard5.storyboard; path = "Hometown Bank Mobile/Storyboard5.storyboard"; sourceTree = "<group>"; };
		F1F20F92159B45A9005B1AFB /* iTunesArtwork.png */ = {isa = PBXFileReference; lastKnownFileType = image.png; name = iTunesArtwork.png; path = "Hometown Bank Mobile/iTunesArtwork.png"; sourceTree = "<group>"; };
		F1F20F93159B45A9005B1AFB /* iTunesArtwork@2x.png */ = {isa = PBXFileReference; lastKnownFileType = image.png; name = "iTunesArtwork@2x.png"; path = "Hometown Bank Mobile/iTunesArtwork@2x.png"; sourceTree = "<group>"; };
		F1F20F9E159B461F005B1AFB /* Icon@2x.png */ = {isa = PBXFileReference; lastKnownFileType = image.png; path = "Icon@2x.png"; sourceTree = "<group>"; };
		F1F20FA0159B4629005B1AFB /* Icon.png */ = {isa = PBXFileReference; lastKnownFileType = image.png; path = Icon.png; sourceTree = "<group>"; };
		F1F20FA6159B46D7005B1AFB /* Icon-72@2x.png */ = {isa = PBXFileReference; lastKnownFileType = image.png; path = "Icon-72@2x.png"; sourceTree = "<group>"; };
		F1F20FA8159B46E4005B1AFB /* Icon-72.png */ = {isa = PBXFileReference; lastKnownFileType = image.png; path = "Icon-72.png"; sourceTree = "<group>"; };
		F1F20FAA159B497C005B1AFB /* MessageUI.framework */ = {isa = PBXFileReference; lastKnownFileType = wrapper.framework; name = MessageUI.framework; path = System/Library/Frameworks/MessageUI.framework; sourceTree = SDKROOT; };
		F1F20FAC159BD97F005B1AFB /* HometownViewController.h */ = {isa = PBXFileReference; fileEncoding = 4; lastKnownFileType = sourcecode.c.h; path = HometownViewController.h; sourceTree = "<group>"; };
		F1F20FAD159BD97F005B1AFB /* HometownViewController.m */ = {isa = PBXFileReference; fileEncoding = 4; lastKnownFileType = sourcecode.c.objc; path = HometownViewController.m; sourceTree = "<group>"; };
		F1FB7E7515920FEB00888E8B /* BranchesViewController.h */ = {isa = PBXFileReference; fileEncoding = 4; lastKnownFileType = sourcecode.c.h; path = BranchesViewController.h; sourceTree = "<group>"; };
		F1FB7E7615920FEB00888E8B /* BranchesViewController.m */ = {isa = PBXFileReference; fileEncoding = 4; lastKnownFileType = sourcecode.c.objc; path = BranchesViewController.m; sourceTree = "<group>"; };
/* End PBXFileReference section */

/* Begin PBXFrameworksBuildPhase section */
		F1132112158FDFA500313A96 /* Frameworks */ = {
			isa = PBXFrameworksBuildPhase;
			buildActionMask = 2147483647;
			files = (
				F1843D8C17735206005BD9B6 /* AddressBook.framework in Frameworks */,
				F1F20FAB159B497C005B1AFB /* MessageUI.framework in Frameworks */,
				F113214F158FFB0B00313A96 /* MapKit.framework in Frameworks */,
				F113211A158FDFA500313A96 /* UIKit.framework in Frameworks */,
				F113211C158FDFA500313A96 /* Foundation.framework in Frameworks */,
				F113211E158FDFA500313A96 /* CoreGraphics.framework in Frameworks */,
			);
			runOnlyForDeploymentPostprocessing = 0;
		};
		F113212C158FDFA500313A96 /* Frameworks */ = {
			isa = PBXFrameworksBuildPhase;
			buildActionMask = 2147483647;
			files = (
				F1132132158FDFA500313A96 /* SenTestingKit.framework in Frameworks */,
				F1132133158FDFA500313A96 /* UIKit.framework in Frameworks */,
				F1132134158FDFA500313A96 /* Foundation.framework in Frameworks */,
			);
			runOnlyForDeploymentPostprocessing = 0;
		};
/* End PBXFrameworksBuildPhase section */

/* Begin PBXGroup section */
		F113210A158FDFA500313A96 = {
			isa = PBXGroup;
			children = (
				F11C0A23169CACC60098140B /* Default-Portrait@2x~ipad.png */,
				F11C0A21169CAC160098140B /* Default-Portrait~ipad.png */,
				F11C0A1F169CABE00098140B /* Default-568h@2x.png */,
				F11C0A1B169CAB620098140B /* Default@2x.png */,
				F11C0A19169CAB360098140B /* Default.png */,
				F11C0A1D169CABCA0098140B /* Default-iphone5.png */,
				F1F20F92159B45A9005B1AFB /* iTunesArtwork.png */,
				F1F20F93159B45A9005B1AFB /* iTunesArtwork@2x.png */,
				F1F20FA8159B46E4005B1AFB /* Icon-72.png */,
				F1F20FA6159B46D7005B1AFB /* Icon-72@2x.png */,
				F1F20FA0159B4629005B1AFB /* Icon.png */,
				F1F20F9E159B461F005B1AFB /* Icon@2x.png */,
				F18CC84A163615DF00838B18 /* Storyboard.storyboard */,
				F13A702A1699C2D00081DF1D /* Storyboard_iPad.storyboard */,
				F1CD6365169F52B4006A35A4 /* Storyboard5.storyboard */,
				F113211F158FDFA500313A96 /* Hometown Bank Mobile */,
				F1132137158FDFA500313A96 /* Hometown Bank MobileTests */,
				F1132118158FDFA500313A96 /* Frameworks */,
				F1132116158FDFA500313A96 /* Products */,
			);
			sourceTree = "<group>";
		};
		F1132116158FDFA500313A96 /* Products */ = {
			isa = PBXGroup;
			children = (
				F1132115158FDFA500313A96 /* Hometown Bank Mobile.app */,
				F1132130158FDFA500313A96 /* Hometown Bank MobileTests.octest */,
			);
			name = Products;
			sourceTree = "<group>";
		};
		F1132118158FDFA500313A96 /* Frameworks */ = {
			isa = PBXGroup;
			children = (
				F1843D8B17735206005BD9B6 /* AddressBook.framework */,
				F1F20FAA159B497C005B1AFB /* MessageUI.framework */,
				F113214E158FFB0B00313A96 /* MapKit.framework */,
				F1132119158FDFA500313A96 /* UIKit.framework */,
				F113211B158FDFA500313A96 /* Foundation.framework */,
				F113211D158FDFA500313A96 /* CoreGraphics.framework */,
				F1132131158FDFA500313A96 /* SenTestingKit.framework */,
			);
			name = Frameworks;
			sourceTree = "<group>";
		};
		F113211F158FDFA500313A96 /* Hometown Bank Mobile */ = {
			isa = PBXGroup;
			children = (
				F1843D8717735099005BD9B6 /* MyLocation.h */,
				F1843D8817735099005BD9B6 /* MyLocation.m */,
				F15D1BA41591EF5900094589 /* SignInViewController.h */,
				F15D1BA51591EF5900094589 /* SignInViewController.m */,
				F15D1BAA1592026500094589 /* LoanRatesViewController.h */,
				F15D1BAB1592026500094589 /* LoanRatesViewController.m */,
				F15D1BA71591FFAF00094589 /* MortgageViewController.h */,
				F15D1BA81591FFAF00094589 /* MortgageViewController.m */,
				F1FB7E7515920FEB00888E8B /* BranchesViewController.h */,
				F1FB7E7615920FEB00888E8B /* BranchesViewController.m */,
				F1132128158FDFA500313A96 /* HometownAppDelegate.h */,
				F13E0D1D15B30FDB00CCEA9C /* HometownAppDelegate.m */,
				F161AF331592640000312C05 /* ContactUsViewController.h */,
				F161AF341592640000312C05 /* ContactUsViewController.m */,
				F1F20FAC159BD97F005B1AFB /* HometownViewController.h */,
				F1F20FAD159BD97F005B1AFB /* HometownViewController.m */,
				F1D4374015B363F6000AF773 /* images */,
				F1132120158FDFA500313A96 /* Supporting Files */,
			);
			path = "Hometown Bank Mobile";
			sourceTree = "<group>";
		};
		F1132120158FDFA500313A96 /* Supporting Files */ = {
			isa = PBXGroup;
			children = (
				F14ED13117A5471700341023 /* ios_development.cer */,
				F1132121158FDFA500313A96 /* Hometown Bank Mobile-Info.plist */,
				F1132122158FDFA500313A96 /* InfoPlist.strings */,
				F1132125158FDFA500313A96 /* main.m */,
				F1132127158FDFA500313A96 /* Hometown Bank Mobile-Prefix.pch */,
			);
			name = "Supporting Files";
			sourceTree = "<group>";
		};
		F1132137158FDFA500313A96 /* Hometown Bank MobileTests */ = {
			isa = PBXGroup;
			children = (
				F113213D158FDFA500313A96 /* Hometown_Bank_MobileTests.h */,
				F113213E158FDFA500313A96 /* Hometown_Bank_MobileTests.m */,
				F1132138158FDFA500313A96 /* Supporting Files */,
			);
			path = "Hometown Bank MobileTests";
			sourceTree = "<group>";
		};
		F1132138158FDFA500313A96 /* Supporting Files */ = {
			isa = PBXGroup;
			children = (
				F1132139158FDFA500313A96 /* Hometown Bank MobileTests-Info.plist */,
				F113213A158FDFA500313A96 /* InfoPlist.strings */,
			);
			name = "Supporting Files";
			sourceTree = "<group>";
		};
		F11C09C5169B8F810098140B /* ipad */ = {
			isa = PBXGroup;
			children = (
				F11C0A11169C835A0098140B /* ipadMortgageRatesDown.png */,
				F11C0A13169C835C0098140B /* ipadMortgageRatesUp.png */,
				F11C09DC169B91340098140B /* ipadLoanRatesDown.png */,
				F11C09DD169B91340098140B /* ipadLoanRatesUp.png */,
				F11C09D8169B90DA0098140B /* ipadDepositRatesDown.png */,
				F11C09D9169B90DA0098140B /* ipadDepositRatesUp.png */,
				F11C09C6169B8FA60098140B /* ipadAccountSignOnDown.png */,
				F11C09C7169B8FA60098140B /* ipadAccountSignOnUp.png */,
				F11C09C8169B8FA60098140B /* ipadBranchLocationsDown.png */,
				F11C09CA169B8FA60098140B /* ipadBranchLocationsUp.png */,
				F11C09EA169C513A0098140B /* ipadSendEmailDown.png */,
				F11C09EC169C513B0098140B /* ipadSendEmailUp.png */,
				F11C09CB169B8FA60098140B /* ipadContactUsDown.png */,
				F11C09CD169B8FA70098140B /* ipadContactUsUp.png */,
				F11C0A14169C835E0098140B /* ipadMortgageRatesUp@2x.png */,
				F11C0A12169C835B0098140B /* ipadMortgageRatesDown@2x.png */,
				F11C09EB169C513A0098140B /* ipadSendEmailDown@2x.png */,
				F11C09F0169C51BD0098140B /* ipadSendEmailUp@2x.png */,
				F11C09CC169B8FA60098140B /* ipadContactUsDown@2x.png */,
				F11C09CE169B8FA70098140B /* ipadContactUsUp@2x.png */,
				F11C09E0169C48990098140B /* ipadAccountSignOnUp@2x.png */,
				F11C09C11699D8C30098140B /* ipadAccountSignOnDown@2x.png */,
				F11C09E2169C48AA0098140B /* ipadBranchLocationsUp@2x.png */,
				F11C09B81699D86A0098140B /* ipadBranchLocationsDown@2x.png */,
				F11C09BA1699D86A0098140B /* ipadDepositRatesDown@2x.png */,
				F11C09E6169C49330098140B /* ipadDepositRatesUp@2x.png */,
				F11C09E4169C48C10098140B /* ipadLoanRatesUp@2x.png */,
				F11C09BB1699D86A0098140B /* ipadLoanRatesDown@2x.png */,
			);
			name = ipad;
			sourceTree = "<group>";
		};
		F11C09F8169C78220098140B /* iphone */ = {
			isa = PBXGroup;
			children = (
				F11C0A47169DA6DA0098140B /* iphoneBranchLocationsDown@2x.png */,
				F11C0A48169DA6DA0098140B /* iphoneBranchLocationsUp@2x.png */,
				F11C0A2F169DA3D40098140B /* iphoneAccountSignOnDown@2x.png */,
				F11C0A30169DA3D40098140B /* iphoneAccountSignOnUp@2x.png */,
				F11C0A32169DA3D40098140B /* iphoneContactUsDown@2x.png */,
				F11C0A33169DA3D50098140B /* iphoneContactUsUp@2x.png */,
				F11C0A34169DA3D50098140B /* iphoneDepositRatesDown@2x.png */,
				F11C0A35169DA3D50098140B /* iphoneDepositRatesUp@2x.png */,
				F11C0A36169DA3D70098140B /* iphoneMortgageRatesDown@2x.png */,
				F11C0A37169DA3D70098140B /* iphoneMortgageRatesUp@2x.png */,
				F11C0A38169DA3D70098140B /* iphoneSendEmailDown@2x.png */,
				F11C0A39169DA3D70098140B /* iphoneSendEmailUp@2x.png */,
				F11C0A29169CB1C70098140B /* iphoneMortgageRatesDown@2x.png */,
				F11C0A2B169CB1C70098140B /* iphoneMortgageRatesUp@2x.png */,
				F11C0A0F169C78FE0098140B /* iphoneContactUsDown.png */,
				F11C09F9169C782E0098140B /* iphoneAccountSignOnDown.png */,
				F11C09FA169C782E0098140B /* iphoneAccountSignOnUp.png */,
				F11C09FB169C782E0098140B /* iphoneBranchLocationsDown.png */,
				F11C09FC169C782E0098140B /* iphoneBranchLocationsUp.png */,
				F11C09FD169C782E0098140B /* iphoneContactUsUp.png */,
				F11C09FE169C782E0098140B /* iphoneDepositRatesDown.png */,
				F11C09FF169C782E0098140B /* iphoneDepositRatesUp.png */,
				F11C0A00169C782E0098140B /* iphoneMortgageRatesDown.png */,
				F11C0A01169C782E0098140B /* iphoneMortgageRatesUp.png */,
				F11C0A02169C782E0098140B /* iphoneSendEmailDown.png */,
				F11C0A03169C782E0098140B /* iphoneSendEmailUp.png */,
			);
			name = iphone;
			sourceTree = "<group>";
		};
		F1D4374015B363F6000AF773 /* images */ = {
			isa = PBXGroup;
			children = (
				F11C09F8169C78220098140B /* iphone */,
				F11C09E8169C4D770098140B /* FDIC.png */,
				F11C0A45169DA5E80098140B /* Logo_Clear.png */,
				F11C09C5169B8F810098140B /* ipad */,
				F161AF4515976DC100312C05 /* arrow.png */,
				F11C0A4B169DA8510098140B /* arrow@2x.png */,
				F11C0A4D169DAAEA0098140B /* back_icon@2x.png */,
				F11C0A4E169DAAEC0098140B /* forward_icon@2x.png */,
				F161AF3E159295BB00312C05 /* back_icon.png */,
				F161AF3F159295BB00312C05 /* forward_icon.png */,
			);
			name = images;
			sourceTree = "<group>";
		};
/* End PBXGroup section */

/* Begin PBXNativeTarget section */
		F1132114158FDFA500313A96 /* Hometown Bank Mobile */ = {
			isa = PBXNativeTarget;
			buildConfigurationList = F1132142158FDFA500313A96 /* Build configuration list for PBXNativeTarget "Hometown Bank Mobile" */;
			buildPhases = (
				F1132111158FDFA500313A96 /* Sources */,
				F1132112158FDFA500313A96 /* Frameworks */,
				F1132113158FDFA500313A96 /* Resources */,
			);
			buildRules = (
			);
			dependencies = (
			);
			name = "Hometown Bank Mobile";
			productName = "Hometown Bank Mobile";
			productReference = F1132115158FDFA500313A96 /* Hometown Bank Mobile.app */;
			productType = "com.apple.product-type.application";
		};
		F113212F158FDFA500313A96 /* Hometown Bank MobileTests */ = {
			isa = PBXNativeTarget;
			buildConfigurationList = F1132145158FDFA500313A96 /* Build configuration list for PBXNativeTarget "Hometown Bank MobileTests" */;
			buildPhases = (
				F113212B158FDFA500313A96 /* Sources */,
				F113212C158FDFA500313A96 /* Frameworks */,
				F113212D158FDFA500313A96 /* Resources */,
				F113212E158FDFA500313A96 /* ShellScript */,
			);
			buildRules = (
			);
			dependencies = (
				F1132136158FDFA500313A96 /* PBXTargetDependency */,
			);
			name = "Hometown Bank MobileTests";
			productName = "Hometown Bank MobileTests";
			productReference = F1132130158FDFA500313A96 /* Hometown Bank MobileTests.octest */;
			productType = "com.apple.product-type.bundle";
		};
/* End PBXNativeTarget section */

/* Begin PBXProject section */
		F113210C158FDFA500313A96 /* Project object */ = {
			isa = PBXProject;
			attributes = {
				CLASSPREFIX = Hometown;
				LastUpgradeCheck = 0450;
				ORGANIZATIONNAME = "Hometown Coop Bank";
			};
			buildConfigurationList = F113210F158FDFA500313A96 /* Build configuration list for PBXProject "Hometown Bank Mobile" */;
			compatibilityVersion = "Xcode 3.2";
			developmentRegion = English;
			hasScannedForEncodings = 0;
			knownRegions = (
				en,
			);
			mainGroup = F113210A158FDFA500313A96;
			productRefGroup = F1132116158FDFA500313A96 /* Products */;
			projectDirPath = "";
			projectRoot = "";
			targets = (
				F1132114158FDFA500313A96 /* Hometown Bank Mobile */,
				F113212F158FDFA500313A96 /* Hometown Bank MobileTests */,
			);
		};
/* End PBXProject section */

/* Begin PBXResourcesBuildPhase section */
		F1132113158FDFA500313A96 /* Resources */ = {
			isa = PBXResourcesBuildPhase;
			buildActionMask = 2147483647;
			files = (
				F1132124158FDFA500313A96 /* InfoPlist.strings in Resources */,
				F161AF40159295BB00312C05 /* back_icon.png in Resources */,
				F161AF41159295BB00312C05 /* forward_icon.png in Resources */,
				F161AF4615976DC100312C05 /* arrow.png in Resources */,
				F1F20F9C159B45A9005B1AFB /* iTunesArtwork.png in Resources */,
				F1F20F9D159B45A9005B1AFB /* iTunesArtwork@2x.png in Resources */,
				F1F20F9F159B461F005B1AFB /* Icon@2x.png in Resources */,
				F1F20FA1159B4629005B1AFB /* Icon.png in Resources */,
				F1F20FA7159B46D7005B1AFB /* Icon-72@2x.png in Resources */,
				F1F20FA9159B46E4005B1AFB /* Icon-72.png in Resources */,
				F18CC84B163615DF00838B18 /* Storyboard.storyboard in Resources */,
				F13A702B1699C2D00081DF1D /* Storyboard_iPad.storyboard in Resources */,
				F11C09BD1699D86A0098140B /* ipadBranchLocationsDown@2x.png in Resources */,
				F11C09BF1699D86A0098140B /* ipadDepositRatesDown@2x.png in Resources */,
				F11C09C01699D86A0098140B /* ipadLoanRatesDown@2x.png in Resources */,
				F11C09C21699D8C30098140B /* ipadAccountSignOnDown@2x.png in Resources */,
				F11C09CF169B8FA70098140B /* ipadAccountSignOnDown.png in Resources */,
				F11C09D0169B8FA70098140B /* ipadAccountSignOnUp.png in Resources */,
				F11C09D1169B8FA70098140B /* ipadBranchLocationsDown.png in Resources */,
				F11C09D3169B8FA70098140B /* ipadBranchLocationsUp.png in Resources */,
				F11C09D4169B8FA70098140B /* ipadContactUsDown.png in Resources */,
				F11C09D5169B8FA70098140B /* ipadContactUsDown@2x.png in Resources */,
				F11C09D6169B8FA70098140B /* ipadContactUsUp.png in Resources */,
				F11C09D7169B8FA70098140B /* ipadContactUsUp@2x.png in Resources */,
				F11C09DA169B90DA0098140B /* ipadDepositRatesDown.png in Resources */,
				F11C09DB169B90DA0098140B /* ipadDepositRatesUp.png in Resources */,
				F11C09DE169B91340098140B /* ipadLoanRatesDown.png in Resources */,
				F11C09DF169B91340098140B /* ipadLoanRatesUp.png in Resources */,
				F11C09E1169C48990098140B /* ipadAccountSignOnUp@2x.png in Resources */,
				F11C09E3169C48AA0098140B /* ipadBranchLocationsUp@2x.png in Resources */,
				F11C09E5169C48C10098140B /* ipadLoanRatesUp@2x.png in Resources */,
				F11C09E7169C49330098140B /* ipadDepositRatesUp@2x.png in Resources */,
				F11C09E9169C4D780098140B /* FDIC.png in Resources */,
				F11C09ED169C513C0098140B /* ipadSendEmailDown.png in Resources */,
				F11C09EE169C513C0098140B /* ipadSendEmailDown@2x.png in Resources */,
				F11C09EF169C513C0098140B /* ipadSendEmailUp.png in Resources */,
				F11C09F1169C51BD0098140B /* ipadSendEmailUp@2x.png in Resources */,
				F11C0A04169C782E0098140B /* iphoneAccountSignOnDown.png in Resources */,
				F11C0A05169C782E0098140B /* iphoneAccountSignOnUp.png in Resources */,
				F11C0A06169C782E0098140B /* iphoneBranchLocationsDown.png in Resources */,
				F11C0A07169C782E0098140B /* iphoneBranchLocationsUp.png in Resources */,
				F11C0A08169C782E0098140B /* iphoneContactUsUp.png in Resources */,
				F11C0A09169C782E0098140B /* iphoneDepositRatesDown.png in Resources */,
				F11C0A0A169C782E0098140B /* iphoneDepositRatesUp.png in Resources */,
				F11C0A0B169C782E0098140B /* iphoneMortgageRatesDown.png in Resources */,
				F11C0A0C169C782E0098140B /* iphoneMortgageRatesUp.png in Resources */,
				F11C0A0D169C782E0098140B /* iphoneSendEmailDown.png in Resources */,
				F11C0A0E169C782E0098140B /* iphoneSendEmailUp.png in Resources */,
				F11C0A10169C78FE0098140B /* iphoneContactUsDown.png in Resources */,
				F11C0A15169C835F0098140B /* ipadMortgageRatesDown.png in Resources */,
				F11C0A16169C835F0098140B /* ipadMortgageRatesDown@2x.png in Resources */,
				F11C0A17169C835F0098140B /* ipadMortgageRatesUp.png in Resources */,
				F11C0A18169C835F0098140B /* ipadMortgageRatesUp@2x.png in Resources */,
				F11C0A1E169CABCB0098140B /* Default-iphone5.png in Resources */,
				F11C0A20169CABE00098140B /* Default-568h@2x.png in Resources */,
				F11C0A22169CAC160098140B /* Default-Portrait~ipad.png in Resources */,
				F11C0A24169CACC60098140B /* Default-Portrait@2x~ipad.png in Resources */,
				F11C0A27169CAD970098140B /* Default.png in Resources */,
				F11C0A28169CAD9F0098140B /* Default@2x.png in Resources */,
				F11C0A2C169CB1C80098140B /* iphoneMortgageRatesDown@2x.png in Resources */,
				F11C0A2E169CB1C80098140B /* iphoneMortgageRatesUp@2x.png in Resources */,
				F11C0A3A169DA3D70098140B /* iphoneAccountSignOnDown@2x.png in Resources */,
				F11C0A3B169DA3D70098140B /* iphoneAccountSignOnUp@2x.png in Resources */,
				F11C0A3D169DA3D70098140B /* iphoneContactUsDown@2x.png in Resources */,
				F11C0A3E169DA3D70098140B /* iphoneContactUsUp@2x.png in Resources */,
				F11C0A3F169DA3D70098140B /* iphoneDepositRatesDown@2x.png in Resources */,
				F11C0A40169DA3D70098140B /* iphoneDepositRatesUp@2x.png in Resources */,
				F11C0A43169DA3D70098140B /* iphoneSendEmailDown@2x.png in Resources */,
				F11C0A44169DA3D70098140B /* iphoneSendEmailUp@2x.png in Resources */,
				F11C0A46169DA5EA0098140B /* Logo_Clear.png in Resources */,
				F11C0A49169DA6DB0098140B /* iphoneBranchLocationsDown@2x.png in Resources */,
				F11C0A4A169DA6DB0098140B /* iphoneBranchLocationsUp@2x.png in Resources */,
				F11C0A4C169DA8520098140B /* arrow@2x.png in Resources */,
				F11C0A4F169DAAEF0098140B /* back_icon@2x.png in Resources */,
				F11C0A50169DAAEF0098140B /* forward_icon@2x.png in Resources */,
				F1CD6366169F52B4006A35A4 /* Storyboard5.storyboard in Resources */,
				F14ED13217A5471700341023 /* ios_development.cer in Resources */,
			);
			runOnlyForDeploymentPostprocessing = 0;
		};
		F113212D158FDFA500313A96 /* Resources */ = {
			isa = PBXResourcesBuildPhase;
			buildActionMask = 2147483647;
			files = (
				F113213C158FDFA500313A96 /* InfoPlist.strings in Resources */,
				F14ED13317A5471700341023 /* ios_development.cer in Resources */,
			);
			runOnlyForDeploymentPostprocessing = 0;
		};
/* End PBXResourcesBuildPhase section */

/* Begin PBXShellScriptBuildPhase section */
		F113212E158FDFA500313A96 /* ShellScript */ = {
			isa = PBXShellScriptBuildPhase;
			buildActionMask = 2147483647;
			files = (
			);
			inputPaths = (
			);
			outputPaths = (
			);
			runOnlyForDeploymentPostprocessing = 0;
			shellPath = /bin/sh;
			shellScript = "# Run the unit tests in this test bundle.\n\"${SYSTEM_DEVELOPER_DIR}/Tools/RunUnitTests\"\n";
		};
/* End PBXShellScriptBuildPhase section */

/* Begin PBXSourcesBuildPhase section */
		F1132111158FDFA500313A96 /* Sources */ = {
			isa = PBXSourcesBuildPhase;
			buildActionMask = 2147483647;
			files = (
				F1D4371A15B31507000AF773 /* HometownAppDelegate.m in Sources */,
				F1132126158FDFA500313A96 /* main.m in Sources */,
				F15D1BA61591EF5900094589 /* SignInViewController.m in Sources */,
				F15D1BA91591FFAF00094589 /* MortgageViewController.m in Sources */,
				F15D1BAC1592026500094589 /* LoanRatesViewController.m in Sources */,
				F1FB7E7715920FEB00888E8B /* BranchesViewController.m in Sources */,
				F161AF351592640000312C05 /* ContactUsViewController.m in Sources */,
				F1F20FAE159BD97F005B1AFB /* HometownViewController.m in Sources */,
				F1843D8917735099005BD9B6 /* MyLocation.m in Sources */,
			);
			runOnlyForDeploymentPostprocessing = 0;
		};
		F113212B158FDFA500313A96 /* Sources */ = {
			isa = PBXSourcesBuildPhase;
			buildActionMask = 2147483647;
			files = (
				F113213F158FDFA500313A96 /* Hometown_Bank_MobileTests.m in Sources */,
			);
			runOnlyForDeploymentPostprocessing = 0;
		};
/* End PBXSourcesBuildPhase section */

/* Begin PBXTargetDependency section */
		F1132136158FDFA500313A96 /* PBXTargetDependency */ = {
			isa = PBXTargetDependency;
			target = F1132114158FDFA500313A96 /* Hometown Bank Mobile */;
			targetProxy = F1132135158FDFA500313A96 /* PBXContainerItemProxy */;
		};
/* End PBXTargetDependency section */

/* Begin PBXVariantGroup section */
		F1132122158FDFA500313A96 /* InfoPlist.strings */ = {
			isa = PBXVariantGroup;
			children = (
				F1132123158FDFA500313A96 /* en */,
			);
			name = InfoPlist.strings;
			sourceTree = "<group>";
		};
		F113213A158FDFA500313A96 /* InfoPlist.strings */ = {
			isa = PBXVariantGroup;
			children = (
				F113213B158FDFA500313A96 /* en */,
			);
			name = InfoPlist.strings;
			sourceTree = "<group>";
		};
/* End PBXVariantGroup section */

/* Begin XCBuildConfiguration section */
		F1132140158FDFA500313A96 /* Debug */ = {
			isa = XCBuildConfiguration;
			buildSettings = {
				ALWAYS_SEARCH_USER_PATHS = NO;
				ARCHS = "$(ARCHS_STANDARD_32_BIT)";
				CLANG_ENABLE_OBJC_ARC = YES;
				CODE_SIGN_IDENTITY = "iPhone Distribution";
				"CODE_SIGN_IDENTITY[sdk=iphoneos*]" = "iPhone Developer";
				COPY_PHASE_STRIP = NO;
				GCC_C_LANGUAGE_STANDARD = gnu99;
				GCC_DYNAMIC_NO_PIC = NO;
				GCC_OPTIMIZATION_LEVEL = 0;
				GCC_PREPROCESSOR_DEFINITIONS = (
					"DEBUG=1",
					"$(inherited)",
				);
				GCC_SYMBOLS_PRIVATE_EXTERN = NO;
				GCC_VERSION = com.apple.compilers.llvm.clang.1_0;
				GCC_WARN_ABOUT_RETURN_TYPE = YES;
				GCC_WARN_UNINITIALIZED_AUTOS = YES;
				GCC_WARN_UNUSED_VARIABLE = YES;
				IPHONEOS_DEPLOYMENT_TARGET = 6.1;
				PROVISIONING_PROFILE = "";
				SDKROOT = iphoneos;
				TARGETED_DEVICE_FAMILY = "1,2";
			};
			name = Debug;
		};
		F1132141158FDFA500313A96 /* Release */ = {
			isa = XCBuildConfiguration;
			buildSettings = {
				ALWAYS_SEARCH_USER_PATHS = NO;
				ARCHS = "$(ARCHS_STANDARD_32_BIT)";
				CLANG_ENABLE_OBJC_ARC = YES;
				CODE_SIGN_IDENTITY = "iPhone Distribution";
				"CODE_SIGN_IDENTITY[sdk=iphoneos*]" = "iPhone Developer";
				COPY_PHASE_STRIP = YES;
				GCC_C_LANGUAGE_STANDARD = gnu99;
				GCC_VERSION = com.apple.compilers.llvm.clang.1_0;
				GCC_WARN_ABOUT_RETURN_TYPE = YES;
				GCC_WARN_UNINITIALIZED_AUTOS = YES;
				GCC_WARN_UNUSED_VARIABLE = YES;
				IPHONEOS_DEPLOYMENT_TARGET = 6.1;
				OTHER_CFLAGS = "-DNS_BLOCK_ASSERTIONS=1";
				PROVISIONING_PROFILE = "";
				SDKROOT = iphoneos;
				TARGETED_DEVICE_FAMILY = "1,2";
				VALIDATE_PRODUCT = YES;
			};
			name = Release;
		};
		F1132143158FDFA500313A96 /* Debug */ = {
			isa = XCBuildConfiguration;
			buildSettings = {
				CODE_SIGN_IDENTITY = "iPhone Developer";
				GCC_PRECOMPILE_PREFIX_HEADER = YES;
				GCC_PREFIX_HEADER = "Hometown Bank Mobile/Hometown Bank Mobile-Prefix.pch";
				INFOPLIST_FILE = "Hometown Bank Mobile/Hometown Bank Mobile-Info.plist";
				IPHONEOS_DEPLOYMENT_TARGET = 6.0;
				PRODUCT_NAME = "$(TARGET_NAME)";
				PROVISIONING_PROFILE = "";
				TARGETED_DEVICE_FAMILY = "1,2";
				WRAPPER_EXTENSION = app;
			};
			name = Debug;
		};
		F1132144158FDFA500313A96 /* Release */ = {
			isa = XCBuildConfiguration;
			buildSettings = {
				CODE_SIGN_IDENTITY = "iPhone Developer";
				GCC_PRECOMPILE_PREFIX_HEADER = YES;
				GCC_PREFIX_HEADER = "Hometown Bank Mobile/Hometown Bank Mobile-Prefix.pch";
				INFOPLIST_FILE = "Hometown Bank Mobile/Hometown Bank Mobile-Info.plist";
				IPHONEOS_DEPLOYMENT_TARGET = 6.0;
				PRODUCT_NAME = "$(TARGET_NAME)";
				PROVISIONING_PROFILE = "";
				TARGETED_DEVICE_FAMILY = "1,2";
				WRAPPER_EXTENSION = app;
			};
			name = Release;
		};
		F1132146158FDFA500313A96 /* Debug */ = {
			isa = XCBuildConfiguration;
			buildSettings = {
				BUNDLE_LOADER = "$(BUILT_PRODUCTS_DIR)/Hometown Bank Mobile.app/Hometown Bank Mobile";
				FRAMEWORK_SEARCH_PATHS = (
					"$(SDKROOT)/Developer/Library/Frameworks",
					"$(DEVELOPER_LIBRARY_DIR)/Frameworks",
				);
				GCC_PRECOMPILE_PREFIX_HEADER = YES;
				GCC_PREFIX_HEADER = "Hometown Bank Mobile/Hometown Bank Mobile-Prefix.pch";
				INFOPLIST_FILE = "Hometown Bank MobileTests/Hometown Bank MobileTests-Info.plist";
				PRODUCT_NAME = "$(TARGET_NAME)";
				TEST_HOST = "$(BUNDLE_LOADER)";
				WRAPPER_EXTENSION = octest;
			};
			name = Debug;
		};
		F1132147158FDFA500313A96 /* Release */ = {
			isa = XCBuildConfiguration;
			buildSettings = {
				BUNDLE_LOADER = "$(BUILT_PRODUCTS_DIR)/Hometown Bank Mobile.app/Hometown Bank Mobile";
				FRAMEWORK_SEARCH_PATHS = (
					"$(SDKROOT)/Developer/Library/Frameworks",
					"$(DEVELOPER_LIBRARY_DIR)/Frameworks",
				);
				GCC_PRECOMPILE_PREFIX_HEADER = YES;
				GCC_PREFIX_HEADER = "Hometown Bank Mobile/Hometown Bank Mobile-Prefix.pch";
				INFOPLIST_FILE = "Hometown Bank MobileTests/Hometown Bank MobileTests-Info.plist";
				PRODUCT_NAME = "$(TARGET_NAME)";
				TEST_HOST = "$(BUNDLE_LOADER)";
				WRAPPER_EXTENSION = octest;
			};
			name = Release;
		};
/* End XCBuildConfiguration section */

/* Begin XCConfigurationList section */
		F113210F158FDFA500313A96 /* Build configuration list for PBXProject "Hometown Bank Mobile" */ = {
			isa = XCConfigurationList;
			buildConfigurations = (
				F1132140158FDFA500313A96 /* Debug */,
				F1132141158FDFA500313A96 /* Release */,
			);
			defaultConfigurationIsVisible = 0;
			defaultConfigurationName = Release;
		};
		F1132142158FDFA500313A96 /* Build configuration list for PBXNativeTarget "Hometown Bank Mobile" */ = {
			isa = XCConfigurationList;
			buildConfigurations = (
				F1132143158FDFA500313A96 /* Debug */,
				F1132144158FDFA500313A96 /* Release */,
			);
			defaultConfigurationIsVisible = 0;
			defaultConfigurationName = Release;
		};
		F1132145158FDFA500313A96 /* Build configuration list for PBXNativeTarget "Hometown Bank MobileTests" */ = {
			isa = XCConfigurationList;
			buildConfigurations = (
				F1132146158FDFA500313A96 /* Debug */,
				F1132147158FDFA500313A96 /* Release */,
			);
			defaultConfigurationIsVisible = 0;
			defaultConfigurationName = Release;
		};
/* End XCConfigurationList section */
	};
	rootObject = F113210C158FDFA500313A96 /* Project object */;
}
